
Microsoft Visual Studio Solution File, Format Version 12.00
# Visual Studio 15
VisualStudioVersion = 15.0.28307.438
MinimumVisualStudioVersion = 10.0.40219.1
Project("{9A19103F-16F7-4668-BE54-9A1E7A4F7556}") = "testy", "testy\testy.csproj", "{0C99F719-E00E-4CCD-AB9F-FEFBCD97C51F}"
EndProject
Global
	GlobalSection(SolutionConfigurationPlatforms) = preSolution
		Debug|x86 = Debug|x86
		Release|x86 = Release|x86
	EndGlobalSection
	GlobalSection(ProjectConfigurationPlatforms) = postSolution
		{0C99F719-E00E-4CCD-AB9F-FEFBCD97C51F}.Debug|x86.ActiveCfg = Debug|Any CPU
		{0C99F719-E00E-4CCD-AB9F-FEFBCD97C51F}.Debug|x86.Build.0 = Debug|Any CPU
		{0C99F719-E00E-4CCD-AB9F-FEFBCD97C51F}.Release|x86.ActiveCfg = Release|Any CPU
		{0C99F719-E00E-4CCD-AB9F-FEFBCD97C51F}.Release|x86.Build.0 = Release|Any CPU
	EndGlobalSection
	GlobalSection(SolutionProperties) = preSolution
		HideSolutionNode = FALSE
	EndGlobalSection
	GlobalSection(ExtensibilityGlobals) = postSolution
		SolutionGuid = {31AF3BE5-52F3-4A81-91E4-7E39EB315C61}
	EndGlobalSection
	GlobalSection(MonoDevelopProperties) = preSolution
		StartupItem = testy/testy.csproj
	EndGlobalSection
EndGlobal
